
Microsoft Visual Studio Solution File, Format Version 12.00
# Visual Studio Version 17
VisualStudioVersion = 17.0.31903.59
MinimumVisualStudioVersion = 10.0.40219.1
Project("{2150E333-8FDC-42A3-9474-1A3956D46DE8}") = "sample", "sample", "{44F625C2-C007-4A59-9EBF-20A85562D51A}"
EndProject
Project("{FAE04EC0-301F-11D3-BF4B-00C04F79EFBC}") = "Sample.WebApi", "sample\Sample.WebApi\Sample.WebApi.csproj", "{17F6FE47-FA56-4164-9F51-732429BFB5F0}"
EndProject
Project("{2150E333-8FDC-42A3-9474-1A3956D46DE8}") = "src", "src", "{257AACEF-E638-41AD-ACB0-DB548063450E}"
EndProject
Project("{FAE04EC0-301F-11D3-BF4B-00C04F79EFBC}") = "MinimalApiBuilder", "src\MinimalApiBuilder\MinimalApiBuilder.csproj", "{13EAD44C-8301-48A0-97E9-2258C187E90F}"
EndProject
Project("{FAE04EC0-301F-11D3-BF4B-00C04F79EFBC}") = "MinimalApiBuilder.Generator", "src\MinimalApiBuilder.Generator\MinimalApiBuilder.Generator.csproj", "{8486F0E6-6C30-43D1-88E3-1460FAF0D70C}"
EndProject
Project("{2150E333-8FDC-42A3-9474-1A3956D46DE8}") = "test", "test", "{D3089147-1D92-476D-9FD3-1ACC7E1841D7}"
EndProject
Project("{FAE04EC0-301F-11D3-BF4B-00C04F79EFBC}") = "MinimalApiBuilder.Generator.IntegrationTest", "test\MinimalApiBuilder.Generator.IntegrationTest\MinimalApiBuilder.Generator.IntegrationTest.csproj", "{5DFAE564-4FD6-4A8B-9FFA-EA5C28B8A91D}"
EndProject
Project("{FAE04EC0-301F-11D3-BF4B-00C04F79EFBC}") = "MinimalApiBuilder.IntegrationTest", "test\MinimalApiBuilder.IntegrationTest\MinimalApiBuilder.IntegrationTest.csproj", "{E621C948-7D51-4B46-8CB8-ED83E6A48937}"
EndProject
Global
	GlobalSection(SolutionConfigurationPlatforms) = preSolution
		Debug|Any CPU = Debug|Any CPU
		Release|Any CPU = Release|Any CPU
	EndGlobalSection
	GlobalSection(SolutionProperties) = preSolution
		HideSolutionNode = FALSE
	EndGlobalSection
	GlobalSection(ProjectConfigurationPlatforms) = postSolution
		{17F6FE47-FA56-4164-9F51-732429BFB5F0}.Debug|Any CPU.ActiveCfg = Debug|Any CPU
		{17F6FE47-FA56-4164-9F51-732429BFB5F0}.Debug|Any CPU.Build.0 = Debug|Any CPU
		{17F6FE47-FA56-4164-9F51-732429BFB5F0}.Release|Any CPU.ActiveCfg = Release|Any CPU
		{17F6FE47-FA56-4164-9F51-732429BFB5F0}.Release|Any CPU.Build.0 = Release|Any CPU
		{13EAD44C-8301-48A0-97E9-2258C187E90F}.Debug|Any CPU.ActiveCfg = Debug|Any CPU
		{13EAD44C-8301-48A0-97E9-2258C187E90F}.Debug|Any CPU.Build.0 = Debug|Any CPU
		{13EAD44C-8301-48A0-97E9-2258C187E90F}.Release|Any CPU.ActiveCfg = Release|Any CPU
		{13EAD44C-8301-48A0-97E9-2258C187E90F}.Release|Any CPU.Build.0 = Release|Any CPU
		{8486F0E6-6C30-43D1-88E3-1460FAF0D70C}.Debug|Any CPU.ActiveCfg = Debug|Any CPU
		{8486F0E6-6C30-43D1-88E3-1460FAF0D70C}.Debug|Any CPU.Build.0 = Debug|Any CPU
		{8486F0E6-6C30-43D1-88E3-1460FAF0D70C}.Release|Any CPU.ActiveCfg = Release|Any CPU
		{8486F0E6-6C30-43D1-88E3-1460FAF0D70C}.Release|Any CPU.Build.0 = Release|Any CPU
		{5DFAE564-4FD6-4A8B-9FFA-EA5C28B8A91D}.Debug|Any CPU.ActiveCfg = Debug|Any CPU
		{5DFAE564-4FD6-4A8B-9FFA-EA5C28B8A91D}.Debug|Any CPU.Build.0 = Debug|Any CPU
		{5DFAE564-4FD6-4A8B-9FFA-EA5C28B8A91D}.Release|Any CPU.ActiveCfg = Release|Any CPU
		{5DFAE564-4FD6-4A8B-9FFA-EA5C28B8A91D}.Release|Any CPU.Build.0 = Release|Any CPU
		{E621C948-7D51-4B46-8CB8-ED83E6A48937}.Debug|Any CPU.ActiveCfg = Debug|Any CPU
		{E621C948-7D51-4B46-8CB8-ED83E6A48937}.Debug|Any CPU.Build.0 = Debug|Any CPU
		{E621C948-7D51-4B46-8CB8-ED83E6A48937}.Release|Any CPU.ActiveCfg = Release|Any CPU
		{E621C948-7D51-4B46-8CB8-ED83E6A48937}.Release|Any CPU.Build.0 = Release|Any CPU
	EndGlobalSection
	GlobalSection(NestedProjects) = preSolution
		{17F6FE47-FA56-4164-9F51-732429BFB5F0} = {44F625C2-C007-4A59-9EBF-20A85562D51A}
		{13EAD44C-8301-48A0-97E9-2258C187E90F} = {257AACEF-E638-41AD-ACB0-DB548063450E}
		{8486F0E6-6C30-43D1-88E3-1460FAF0D70C} = {257AACEF-E638-41AD-ACB0-DB548063450E}
		{5DFAE564-4FD6-4A8B-9FFA-EA5C28B8A91D} = {D3089147-1D92-476D-9FD3-1ACC7E1841D7}
		{E621C948-7D51-4B46-8CB8-ED83E6A48937} = {D3089147-1D92-476D-9FD3-1ACC7E1841D7}
	EndGlobalSection
EndGlobal
