
Microsoft Visual Studio Solution File, Format Version 12.00
# Visual Studio Version 17
VisualStudioVersion = 17.0.31903.59
MinimumVisualStudioVersion = 10.0.40219.1
Project("{2150E333-8FDC-42A3-9474-1A3956D46DE8}") = "sample", "sample", "{153DB10B-C3B3-4472-9C8F-B50DB2406A61}"
EndProject
Project("{FAE04EC0-301F-11D3-BF4B-00C04F79EFBC}") = "Sample.WebApi", "sample\Sample.WebApi\Sample.WebApi.csproj", "{C11F7EAE-1582-4628-B27D-D484F7D372B2}"
EndProject
Project("{2150E333-8FDC-42A3-9474-1A3956D46DE8}") = "src", "src", "{BE9D45BE-6321-41F5-8B34-84366D150E76}"
EndProject
Project("{FAE04EC0-301F-11D3-BF4B-00C04F79EFBC}") = "MinimalApiBuilder", "src\MinimalApiBuilder\MinimalApiBuilder.csproj", "{4E8DFDCD-F94F-42EA-83C9-9783D591EF72}"
EndProject
Project("{FAE04EC0-301F-11D3-BF4B-00C04F79EFBC}") = "MinimalApiBuilder.Generator", "src\MinimalApiBuilder.Generator\MinimalApiBuilder.Generator.csproj", "{F79A65B6-FA63-47C6-A78C-B6A3DE9B7502}"
EndProject
Project("{2150E333-8FDC-42A3-9474-1A3956D46DE8}") = "test", "test", "{F19C4622-BF78-4244-AF44-8724171C0135}"
EndProject
Project("{FAE04EC0-301F-11D3-BF4B-00C04F79EFBC}") = "MinimalApiBuilder.Generator.IntegrationTest", "test\MinimalApiBuilder.Generator.IntegrationTest\MinimalApiBuilder.Generator.IntegrationTest.csproj", "{7081BAE5-2315-46CA-9F3A-6EC9B6E3227F}"
EndProject
Project("{FAE04EC0-301F-11D3-BF4B-00C04F79EFBC}") = "MinimalApiBuilder.IntegrationTest", "test\MinimalApiBuilder.IntegrationTest\MinimalApiBuilder.IntegrationTest.csproj", "{A3310D67-A2B2-4E8E-A3AF-E756F65B4797}"
EndProject
Global
	GlobalSection(SolutionConfigurationPlatforms) = preSolution
		Debug|Any CPU = Debug|Any CPU
		Release|Any CPU = Release|Any CPU
	EndGlobalSection
	GlobalSection(SolutionProperties) = preSolution
		HideSolutionNode = FALSE
	EndGlobalSection
	GlobalSection(ProjectConfigurationPlatforms) = postSolution
		{C11F7EAE-1582-4628-B27D-D484F7D372B2}.Debug|Any CPU.ActiveCfg = Debug|Any CPU
		{C11F7EAE-1582-4628-B27D-D484F7D372B2}.Debug|Any CPU.Build.0 = Debug|Any CPU
		{C11F7EAE-1582-4628-B27D-D484F7D372B2}.Release|Any CPU.ActiveCfg = Release|Any CPU
		{C11F7EAE-1582-4628-B27D-D484F7D372B2}.Release|Any CPU.Build.0 = Release|Any CPU
		{4E8DFDCD-F94F-42EA-83C9-9783D591EF72}.Debug|Any CPU.ActiveCfg = Debug|Any CPU
		{4E8DFDCD-F94F-42EA-83C9-9783D591EF72}.Debug|Any CPU.Build.0 = Debug|Any CPU
		{4E8DFDCD-F94F-42EA-83C9-9783D591EF72}.Release|Any CPU.ActiveCfg = Release|Any CPU
		{4E8DFDCD-F94F-42EA-83C9-9783D591EF72}.Release|Any CPU.Build.0 = Release|Any CPU
		{F79A65B6-FA63-47C6-A78C-B6A3DE9B7502}.Debug|Any CPU.ActiveCfg = Debug|Any CPU
		{F79A65B6-FA63-47C6-A78C-B6A3DE9B7502}.Debug|Any CPU.Build.0 = Debug|Any CPU
		{F79A65B6-FA63-47C6-A78C-B6A3DE9B7502}.Release|Any CPU.ActiveCfg = Release|Any CPU
		{F79A65B6-FA63-47C6-A78C-B6A3DE9B7502}.Release|Any CPU.Build.0 = Release|Any CPU
		{7081BAE5-2315-46CA-9F3A-6EC9B6E3227F}.Debug|Any CPU.ActiveCfg = Debug|Any CPU
		{7081BAE5-2315-46CA-9F3A-6EC9B6E3227F}.Debug|Any CPU.Build.0 = Debug|Any CPU
		{7081BAE5-2315-46CA-9F3A-6EC9B6E3227F}.Release|Any CPU.ActiveCfg = Release|Any CPU
		{7081BAE5-2315-46CA-9F3A-6EC9B6E3227F}.Release|Any CPU.Build.0 = Release|Any CPU
		{A3310D67-A2B2-4E8E-A3AF-E756F65B4797}.Debug|Any CPU.ActiveCfg = Debug|Any CPU
		{A3310D67-A2B2-4E8E-A3AF-E756F65B4797}.Debug|Any CPU.Build.0 = Debug|Any CPU
		{A3310D67-A2B2-4E8E-A3AF-E756F65B4797}.Release|Any CPU.ActiveCfg = Release|Any CPU
		{A3310D67-A2B2-4E8E-A3AF-E756F65B4797}.Release|Any CPU.Build.0 = Release|Any CPU
	EndGlobalSection
	GlobalSection(NestedProjects) = preSolution
		{C11F7EAE-1582-4628-B27D-D484F7D372B2} = {153DB10B-C3B3-4472-9C8F-B50DB2406A61}
		{4E8DFDCD-F94F-42EA-83C9-9783D591EF72} = {BE9D45BE-6321-41F5-8B34-84366D150E76}
		{F79A65B6-FA63-47C6-A78C-B6A3DE9B7502} = {BE9D45BE-6321-41F5-8B34-84366D150E76}
		{7081BAE5-2315-46CA-9F3A-6EC9B6E3227F} = {F19C4622-BF78-4244-AF44-8724171C0135}
		{A3310D67-A2B2-4E8E-A3AF-E756F65B4797} = {F19C4622-BF78-4244-AF44-8724171C0135}
	EndGlobalSection
EndGlobal
