
Microsoft Visual Studio Solution File, Format Version 12.00
# Visual Studio Version 17
VisualStudioVersion = 17.0.31903.59
MinimumVisualStudioVersion = 10.0.40219.1
Project("{2150E333-8FDC-42A3-9474-1A3956D46DE8}") = "sample", "sample", "{0EEC1FD5-8EA9-4CCA-B4CB-6D3C07D09D4A}"
EndProject
Project("{FAE04EC0-301F-11D3-BF4B-00C04F79EFBC}") = "Sample.WebApi", "sample\Sample.WebApi\Sample.WebApi.csproj", "{BA075171-A5D1-4512-9374-02B2D4619EE9}"
EndProject
Project("{2150E333-8FDC-42A3-9474-1A3956D46DE8}") = "src", "src", "{3416FAC8-9B19-4384-92A5-F5BD4FBC086E}"
EndProject
Project("{FAE04EC0-301F-11D3-BF4B-00C04F79EFBC}") = "MinimalApiBuilder", "src\MinimalApiBuilder\MinimalApiBuilder.csproj", "{5E13294D-DFA0-4074-B436-CA714F37AA11}"
EndProject
Project("{FAE04EC0-301F-11D3-BF4B-00C04F79EFBC}") = "MinimalApiBuilder.Generator", "src\MinimalApiBuilder.Generator\MinimalApiBuilder.Generator.csproj", "{0BC4673A-FA8D-4F2A-9E13-21D3EC25222D}"
EndProject
Project("{2150E333-8FDC-42A3-9474-1A3956D46DE8}") = "test", "test", "{1DE6E73E-3D65-4617-B0B7-DB6E93A319B5}"
EndProject
Project("{2150E333-8FDC-42A3-9474-1A3956D46DE8}") = "integration", "integration", "{4FBBEC62-1BDF-4D85-8773-03983D649844}"
EndProject
Project("{FAE04EC0-301F-11D3-BF4B-00C04F79EFBC}") = "MinimalApiBuilder.IntegrationTest", "test\integration\MinimalApiBuilder.IntegrationTest\MinimalApiBuilder.IntegrationTest.csproj", "{CE2431A3-CC02-400D-AFC0-B0FEA33DDB0A}"
EndProject
Project("{2150E333-8FDC-42A3-9474-1A3956D46DE8}") = "unit", "unit", "{9DC3D84C-0B81-486C-B85D-F0BDC4E1EACB}"
EndProject
Project("{FAE04EC0-301F-11D3-BF4B-00C04F79EFBC}") = "MinimalApiBuilder.UnitTest", "test\unit\MinimalApiBuilder.UnitTest\MinimalApiBuilder.UnitTest.csproj", "{85BA28C4-9743-46BD-B249-45DEA2E7557B}"
EndProject
Global
	GlobalSection(SolutionConfigurationPlatforms) = preSolution
		Debug|Any CPU = Debug|Any CPU
		Release|Any CPU = Release|Any CPU
	EndGlobalSection
	GlobalSection(SolutionProperties) = preSolution
		HideSolutionNode = FALSE
	EndGlobalSection
	GlobalSection(ProjectConfigurationPlatforms) = postSolution
		{BA075171-A5D1-4512-9374-02B2D4619EE9}.Debug|Any CPU.ActiveCfg = Debug|Any CPU
		{BA075171-A5D1-4512-9374-02B2D4619EE9}.Debug|Any CPU.Build.0 = Debug|Any CPU
		{BA075171-A5D1-4512-9374-02B2D4619EE9}.Release|Any CPU.ActiveCfg = Release|Any CPU
		{BA075171-A5D1-4512-9374-02B2D4619EE9}.Release|Any CPU.Build.0 = Release|Any CPU
		{5E13294D-DFA0-4074-B436-CA714F37AA11}.Debug|Any CPU.ActiveCfg = Debug|Any CPU
		{5E13294D-DFA0-4074-B436-CA714F37AA11}.Debug|Any CPU.Build.0 = Debug|Any CPU
		{5E13294D-DFA0-4074-B436-CA714F37AA11}.Release|Any CPU.ActiveCfg = Release|Any CPU
		{5E13294D-DFA0-4074-B436-CA714F37AA11}.Release|Any CPU.Build.0 = Release|Any CPU
		{0BC4673A-FA8D-4F2A-9E13-21D3EC25222D}.Debug|Any CPU.ActiveCfg = Debug|Any CPU
		{0BC4673A-FA8D-4F2A-9E13-21D3EC25222D}.Debug|Any CPU.Build.0 = Debug|Any CPU
		{0BC4673A-FA8D-4F2A-9E13-21D3EC25222D}.Release|Any CPU.ActiveCfg = Release|Any CPU
		{0BC4673A-FA8D-4F2A-9E13-21D3EC25222D}.Release|Any CPU.Build.0 = Release|Any CPU
		{CE2431A3-CC02-400D-AFC0-B0FEA33DDB0A}.Debug|Any CPU.ActiveCfg = Debug|Any CPU
		{CE2431A3-CC02-400D-AFC0-B0FEA33DDB0A}.Debug|Any CPU.Build.0 = Debug|Any CPU
		{CE2431A3-CC02-400D-AFC0-B0FEA33DDB0A}.Release|Any CPU.ActiveCfg = Release|Any CPU
		{CE2431A3-CC02-400D-AFC0-B0FEA33DDB0A}.Release|Any CPU.Build.0 = Release|Any CPU
		{85BA28C4-9743-46BD-B249-45DEA2E7557B}.Debug|Any CPU.ActiveCfg = Debug|Any CPU
		{85BA28C4-9743-46BD-B249-45DEA2E7557B}.Debug|Any CPU.Build.0 = Debug|Any CPU
		{85BA28C4-9743-46BD-B249-45DEA2E7557B}.Release|Any CPU.ActiveCfg = Release|Any CPU
		{85BA28C4-9743-46BD-B249-45DEA2E7557B}.Release|Any CPU.Build.0 = Release|Any CPU
	EndGlobalSection
	GlobalSection(NestedProjects) = preSolution
		{BA075171-A5D1-4512-9374-02B2D4619EE9} = {0EEC1FD5-8EA9-4CCA-B4CB-6D3C07D09D4A}
		{5E13294D-DFA0-4074-B436-CA714F37AA11} = {3416FAC8-9B19-4384-92A5-F5BD4FBC086E}
		{0BC4673A-FA8D-4F2A-9E13-21D3EC25222D} = {3416FAC8-9B19-4384-92A5-F5BD4FBC086E}
		{4FBBEC62-1BDF-4D85-8773-03983D649844} = {1DE6E73E-3D65-4617-B0B7-DB6E93A319B5}
		{CE2431A3-CC02-400D-AFC0-B0FEA33DDB0A} = {4FBBEC62-1BDF-4D85-8773-03983D649844}
		{9DC3D84C-0B81-486C-B85D-F0BDC4E1EACB} = {1DE6E73E-3D65-4617-B0B7-DB6E93A319B5}
		{85BA28C4-9743-46BD-B249-45DEA2E7557B} = {9DC3D84C-0B81-486C-B85D-F0BDC4E1EACB}
	EndGlobalSection
EndGlobal
